
Microsoft Visual Studio Solution File, Format Version 12.00
# Visual Studio Version 17
VisualStudioVersion = 17.0.31903.59
MinimumVisualStudioVersion = 10.0.40219.1
Project("{FAE04EC0-301F-11D3-BF4B-00C04F79EFBC}") = "RadQRCode", "RadQRCode\RadQRCode.csproj", "{78867C35-9E71-4A4A-913B-7EC5B0997031}"
EndProject
Global
	GlobalSection(SolutionConfigurationPlatforms) = preSolution
		Debug|Any CPU = Debug|Any CPU
		Release|Any CPU = Release|Any CPU
	EndGlobalSection
	GlobalSection(ProjectConfigurationPlatforms) = postSolution
		{78867C35-9E71-4A4A-913B-7EC5B0997031}.Debug|Any CPU.ActiveCfg = Debug|Any CPU
		{78867C35-9E71-4A4A-913B-7EC5B0997031}.Debug|Any CPU.Build.0 = Debug|Any CPU
		{78867C35-9E71-4A4A-913B-7EC5B0997031}.Release|Any CPU.ActiveCfg = Release|Any CPU
		{78867C35-9E71-4A4A-913B-7EC5B0997031}.Release|Any CPU.Build.0 = Release|Any CPU
	EndGlobalSection
	GlobalSection(SolutionProperties) = preSolution
		HideSolutionNode = FALSE
	EndGlobalSection
	GlobalSection(ExtensibilityGlobals) = postSolution
		SolutionGuid = {720CD8FA-52E9-40C9-8A57-F81CFD6151DE}
	EndGlobalSection
EndGlobal
